// !$*UTF8*$!
{
	archiveVersion = 1;
	classes = {
	};
	objectVersion = 56;
	objects = {

/* Begin PBXBuildFile section */
		9EBFA59B2B3FC8E1008D46B7 /* iTourApp.swift in Sources */ = {isa = PBXBuildFile; fileRef = 9EBFA59A2B3FC8E1008D46B7 /* iTourApp.swift */; };
		9EBFA59D2B3FC8E1008D46B7 /* ContentView.swift in Sources */ = {isa = PBXBuildFile; fileRef = 9EBFA59C2B3FC8E1008D46B7 /* ContentView.swift */; };
		9EBFA59F2B3FC8E2008D46B7 /* Assets.xcassets in Resources */ = {isa = PBXBuildFile; fileRef = 9EBFA59E2B3FC8E2008D46B7 /* Assets.xcassets */; };
		9EBFA5A32B3FC8E2008D46B7 /* Preview Assets.xcassets in Resources */ = {isa = PBXBuildFile; fileRef = 9EBFA5A22B3FC8E2008D46B7 /* Preview Assets.xcassets */; };
		9EBFA5AD2B3FC8E2008D46B7 /* iTourTests.swift in Sources */ = {isa = PBXBuildFile; fileRef = 9EBFA5AC2B3FC8E2008D46B7 /* iTourTests.swift */; };
		9EBFA5B72B3FC8E2008D46B7 /* iTourUITests.swift in Sources */ = {isa = PBXBuildFile; fileRef = 9EBFA5B62B3FC8E2008D46B7 /* iTourUITests.swift */; };
		9EBFA5B92B3FC8E2008D46B7 /* iTourUITestsLaunchTests.swift in Sources */ = {isa = PBXBuildFile; fileRef = 9EBFA5B82B3FC8E2008D46B7 /* iTourUITestsLaunchTests.swift */; };
		9EBFA5C62B3FC995008D46B7 /* Destination.swift in Sources */ = {isa = PBXBuildFile; fileRef = 9EBFA5C52B3FC995008D46B7 /* Destination.swift */; };
		9EBFA5CA2B3FD577008D46B7 /* EditDestinationView.swift in Sources */ = {isa = PBXBuildFile; fileRef = 9EBFA5C92B3FD577008D46B7 /* EditDestinationView.swift */; };
		9EBFA5CC2B41212B008D46B7 /* DestinationListingView.swift in Sources */ = {isa = PBXBuildFile; fileRef = 9EBFA5CB2B41212B008D46B7 /* DestinationListingView.swift */; };
/* End PBXBuildFile section */

/* Begin PBXContainerItemProxy section */
		9EBFA5A92B3FC8E2008D46B7 /* PBXContainerItemProxy */ = {
			isa = PBXContainerItemProxy;
			containerPortal = 9EBFA58F2B3FC8E1008D46B7 /* Project object */;
			proxyType = 1;
			remoteGlobalIDString = 9EBFA5962B3FC8E1008D46B7;
			remoteInfo = iTour;
		};
		9EBFA5B32B3FC8E2008D46B7 /* PBXContainerItemProxy */ = {
			isa = PBXContainerItemProxy;
			containerPortal = 9EBFA58F2B3FC8E1008D46B7 /* Project object */;
			proxyType = 1;
			remoteGlobalIDString = 9EBFA5962B3FC8E1008D46B7;
			remoteInfo = iTour;
		};
/* End PBXContainerItemProxy section */

/* Begin PBXFileReference section */
		9EBFA5972B3FC8E1008D46B7 /* iTour.app */ = {isa = PBXFileReference; explicitFileType = wrapper.application; includeInIndex = 0; path = iTour.app; sourceTree = BUILT_PRODUCTS_DIR; };
		9EBFA59A2B3FC8E1008D46B7 /* iTourApp.swift */ = {isa = PBXFileReference; lastKnownFileType = sourcecode.swift; path = iTourApp.swift; sourceTree = "<group>"; };
		9EBFA59C2B3FC8E1008D46B7 /* ContentView.swift */ = {isa = PBXFileReference; lastKnownFileType = sourcecode.swift; path = ContentView.swift; sourceTree = "<group>"; };
		9EBFA59E2B3FC8E2008D46B7 /* Assets.xcassets */ = {isa = PBXFileReference; lastKnownFileType = folder.assetcatalog; path = Assets.xcassets; sourceTree = "<group>"; };
		9EBFA5A02B3FC8E2008D46B7 /* iTour.entitlements */ = {isa = PBXFileReference; lastKnownFileType = text.plist.entitlements; path = iTour.entitlements; sourceTree = "<group>"; };
		9EBFA5A22B3FC8E2008D46B7 /* Preview Assets.xcassets */ = {isa = PBXFileReference; lastKnownFileType = folder.assetcatalog; path = "Preview Assets.xcassets"; sourceTree = "<group>"; };
		9EBFA5A82B3FC8E2008D46B7 /* iTourTests.xctest */ = {isa = PBXFileReference; explicitFileType = wrapper.cfbundle; includeInIndex = 0; path = iTourTests.xctest; sourceTree = BUILT_PRODUCTS_DIR; };
		9EBFA5AC2B3FC8E2008D46B7 /* iTourTests.swift */ = {isa = PBXFileReference; lastKnownFileType = sourcecode.swift; path = iTourTests.swift; sourceTree = "<group>"; };
		9EBFA5B22B3FC8E2008D46B7 /* iTourUITests.xctest */ = {isa = PBXFileReference; explicitFileType = wrapper.cfbundle; includeInIndex = 0; path = iTourUITests.xctest; sourceTree = BUILT_PRODUCTS_DIR; };
		9EBFA5B62B3FC8E2008D46B7 /* iTourUITests.swift */ = {isa = PBXFileReference; lastKnownFileType = sourcecode.swift; path = iTourUITests.swift; sourceTree = "<group>"; };
		9EBFA5B82B3FC8E2008D46B7 /* iTourUITestsLaunchTests.swift */ = {isa = PBXFileReference; lastKnownFileType = sourcecode.swift; path = iTourUITestsLaunchTests.swift; sourceTree = "<group>"; };
		9EBFA5C52B3FC995008D46B7 /* Destination.swift */ = {isa = PBXFileReference; lastKnownFileType = sourcecode.swift; path = Destination.swift; sourceTree = "<group>"; };
		9EBFA5C92B3FD577008D46B7 /* EditDestinationView.swift */ = {isa = PBXFileReference; lastKnownFileType = sourcecode.swift; path = EditDestinationView.swift; sourceTree = "<group>"; };
		9EBFA5CB2B41212B008D46B7 /* DestinationListingView.swift */ = {isa = PBXFileReference; lastKnownFileType = sourcecode.swift; path = DestinationListingView.swift; sourceTree = "<group>"; };
/* End PBXFileReference section */

/* Begin PBXFrameworksBuildPhase section */
		9EBFA5942B3FC8E1008D46B7 /* Frameworks */ = {
			isa = PBXFrameworksBuildPhase;
			buildActionMask = 2147483647;
			files = (
			);
			runOnlyForDeploymentPostprocessing = 0;
		};
		9EBFA5A52B3FC8E2008D46B7 /* Frameworks */ = {
			isa = PBXFrameworksBuildPhase;
			buildActionMask = 2147483647;
			files = (
			);
			runOnlyForDeploymentPostprocessing = 0;
		};
		9EBFA5AF2B3FC8E2008D46B7 /* Frameworks */ = {
			isa = PBXFrameworksBuildPhase;
			buildActionMask = 2147483647;
			files = (
			);
			runOnlyForDeploymentPostprocessing = 0;
		};
/* End PBXFrameworksBuildPhase section */

/* Begin PBXGroup section */
		9EBFA58E2B3FC8E1008D46B7 = {
			isa = PBXGroup;
			children = (
				9EBFA5992B3FC8E1008D46B7 /* iTour */,
				9EBFA5AB2B3FC8E2008D46B7 /* iTourTests */,
				9EBFA5B52B3FC8E2008D46B7 /* iTourUITests */,
				9EBFA5982B3FC8E1008D46B7 /* Products */,
			);
			sourceTree = "<group>";
		};
		9EBFA5982B3FC8E1008D46B7 /* Products */ = {
			isa = PBXGroup;
			children = (
				9EBFA5972B3FC8E1008D46B7 /* iTour.app */,
				9EBFA5A82B3FC8E2008D46B7 /* iTourTests.xctest */,
				9EBFA5B22B3FC8E2008D46B7 /* iTourUITests.xctest */,
			);
			name = Products;
			sourceTree = "<group>";
		};
		9EBFA5992B3FC8E1008D46B7 /* iTour */ = {
			isa = PBXGroup;
			children = (
				9EBFA59A2B3FC8E1008D46B7 /* iTourApp.swift */,
				9EBFA59C2B3FC8E1008D46B7 /* ContentView.swift */,
				9EBFA5CB2B41212B008D46B7 /* DestinationListingView.swift */,
				9EBFA5C92B3FD577008D46B7 /* EditDestinationView.swift */,
				9EBFA5C52B3FC995008D46B7 /* Destination.swift */,
				9EBFA59E2B3FC8E2008D46B7 /* Assets.xcassets */,
				9EBFA5A02B3FC8E2008D46B7 /* iTour.entitlements */,
				9EBFA5A12B3FC8E2008D46B7 /* Preview Content */,
			);
			path = iTour;
			sourceTree = "<group>";
		};
		9EBFA5A12B3FC8E2008D46B7 /* Preview Content */ = {
			isa = PBXGroup;
			children = (
				9EBFA5A22B3FC8E2008D46B7 /* Preview Assets.xcassets */,
			);
			path = "Preview Content";
			sourceTree = "<group>";
		};
		9EBFA5AB2B3FC8E2008D46B7 /* iTourTests */ = {
			isa = PBXGroup;
			children = (
				9EBFA5AC2B3FC8E2008D46B7 /* iTourTests.swift */,
			);
			path = iTourTests;
			sourceTree = "<group>";
		};
		9EBFA5B52B3FC8E2008D46B7 /* iTourUITests */ = {
			isa = PBXGroup;
			children = (
				9EBFA5B62B3FC8E2008D46B7 /* iTourUITests.swift */,
				9EBFA5B82B3FC8E2008D46B7 /* iTourUITestsLaunchTests.swift */,
			);
			path = iTourUITests;
			sourceTree = "<group>";
		};
/* End PBXGroup section */

/* Begin PBXNativeTarget section */
		9EBFA5962B3FC8E1008D46B7 /* iTour */ = {
			isa = PBXNativeTarget;
			buildConfigurationList = 9EBFA5BC2B3FC8E2008D46B7 /* Build configuration list for PBXNativeTarget "iTour" */;
			buildPhases = (
				9EBFA5932B3FC8E1008D46B7 /* Sources */,
				9EBFA5942B3FC8E1008D46B7 /* Frameworks */,
				9EBFA5952B3FC8E1008D46B7 /* Resources */,
			);
			buildRules = (
			);
			dependencies = (
			);
			name = iTour;
			productName = iTour;
			productReference = 9EBFA5972B3FC8E1008D46B7 /* iTour.app */;
			productType = "com.apple.product-type.application";
		};
		9EBFA5A72B3FC8E2008D46B7 /* iTourTests */ = {
			isa = PBXNativeTarget;
			buildConfigurationList = 9EBFA5BF2B3FC8E2008D46B7 /* Build configuration list for PBXNativeTarget "iTourTests" */;
			buildPhases = (
				9EBFA5A42B3FC8E2008D46B7 /* Sources */,
				9EBFA5A52B3FC8E2008D46B7 /* Frameworks */,
				9EBFA5A62B3FC8E2008D46B7 /* Resources */,
			);
			buildRules = (
			);
			dependencies = (
				9EBFA5AA2B3FC8E2008D46B7 /* PBXTargetDependency */,
			);
			name = iTourTests;
			productName = iTourTests;
			productReference = 9EBFA5A82B3FC8E2008D46B7 /* iTourTests.xctest */;
			productType = "com.apple.product-type.bundle.unit-test";
		};
		9EBFA5B12B3FC8E2008D46B7 /* iTourUITests */ = {
			isa = PBXNativeTarget;
			buildConfigurationList = 9EBFA5C22B3FC8E2008D46B7 /* Build configuration list for PBXNativeTarget "iTourUITests" */;
			buildPhases = (
				9EBFA5AE2B3FC8E2008D46B7 /* Sources */,
				9EBFA5AF2B3FC8E2008D46B7 /* Frameworks */,
				9EBFA5B02B3FC8E2008D46B7 /* Resources */,
			);
			buildRules = (
			);
			dependencies = (
				9EBFA5B42B3FC8E2008D46B7 /* PBXTargetDependency */,
			);
			name = iTourUITests;
			productName = iTourUITests;
			productReference = 9EBFA5B22B3FC8E2008D46B7 /* iTourUITests.xctest */;
			productType = "com.apple.product-type.bundle.ui-testing";
		};
/* End PBXNativeTarget section */

/* Begin PBXProject section */
		9EBFA58F2B3FC8E1008D46B7 /* Project object */ = {
			isa = PBXProject;
			attributes = {
				BuildIndependentTargetsInParallel = 1;
				LastSwiftUpdateCheck = 1510;
				LastUpgradeCheck = 1510;
				TargetAttributes = {
					9EBFA5962B3FC8E1008D46B7 = {
						CreatedOnToolsVersion = 15.1;
					};
					9EBFA5A72B3FC8E2008D46B7 = {
						CreatedOnToolsVersion = 15.1;
						TestTargetID = 9EBFA5962B3FC8E1008D46B7;
					};
					9EBFA5B12B3FC8E2008D46B7 = {
						CreatedOnToolsVersion = 15.1;
						TestTargetID = 9EBFA5962B3FC8E1008D46B7;
					};
				};
			};
			buildConfigurationList = 9EBFA5922B3FC8E1008D46B7 /* Build configuration list for PBXProject "iTour" */;
			compatibilityVersion = "Xcode 14.0";
			developmentRegion = en;
			hasScannedForEncodings = 0;
			knownRegions = (
				en,
				Base,
			);
			mainGroup = 9EBFA58E2B3FC8E1008D46B7;
			productRefGroup = 9EBFA5982B3FC8E1008D46B7 /* Products */;
			projectDirPath = "";
			projectRoot = "";
			targets = (
				9EBFA5962B3FC8E1008D46B7 /* iTour */,
				9EBFA5A72B3FC8E2008D46B7 /* iTourTests */,
				9EBFA5B12B3FC8E2008D46B7 /* iTourUITests */,
			);
		};
/* End PBXProject section */

/* Begin PBXResourcesBuildPhase section */
		9EBFA5952B3FC8E1008D46B7 /* Resources */ = {
			isa = PBXResourcesBuildPhase;
			buildActionMask = 2147483647;
			files = (
				9EBFA5A32B3FC8E2008D46B7 /* Preview Assets.xcassets in Resources */,
				9EBFA59F2B3FC8E2008D46B7 /* Assets.xcassets in Resources */,
			);
			runOnlyForDeploymentPostprocessing = 0;
		};
		9EBFA5A62B3FC8E2008D46B7 /* Resources */ = {
			isa = PBXResourcesBuildPhase;
			buildActionMask = 2147483647;
			files = (
			);
			runOnlyForDeploymentPostprocessing = 0;
		};
		9EBFA5B02B3FC8E2008D46B7 /* Resources */ = {
			isa = PBXResourcesBuildPhase;
			buildActionMask = 2147483647;
			files = (
			);
			runOnlyForDeploymentPostprocessing = 0;
		};
/* End PBXResourcesBuildPhase section */

/* Begin PBXSourcesBuildPhase section */
		9EBFA5932B3FC8E1008D46B7 /* Sources */ = {
			isa = PBXSourcesBuildPhase;
			buildActionMask = 2147483647;
			files = (
				9EBFA59D2B3FC8E1008D46B7 /* ContentView.swift in Sources */,
				9EBFA59B2B3FC8E1008D46B7 /* iTourApp.swift in Sources */,
				9EBFA5C62B3FC995008D46B7 /* Destination.swift in Sources */,
				9EBFA5CA2B3FD577008D46B7 /* EditDestinationView.swift in Sources */,
				9EBFA5CC2B41212B008D46B7 /* DestinationListingView.swift in Sources */,
			);
			runOnlyForDeploymentPostprocessing = 0;
		};
		9EBFA5A42B3FC8E2008D46B7 /* Sources */ = {
			isa = PBXSourcesBuildPhase;
			buildActionMask = 2147483647;
			files = (
				9EBFA5AD2B3FC8E2008D46B7 /* iTourTests.swift in Sources */,
			);
			runOnlyForDeploymentPostprocessing = 0;
		};
		9EBFA5AE2B3FC8E2008D46B7 /* Sources */ = {
			isa = PBXSourcesBuildPhase;
			buildActionMask = 2147483647;
			files = (
				9EBFA5B92B3FC8E2008D46B7 /* iTourUITestsLaunchTests.swift in Sources */,
				9EBFA5B72B3FC8E2008D46B7 /* iTourUITests.swift in Sources */,
			);
			runOnlyForDeploymentPostprocessing = 0;
		};
/* End PBXSourcesBuildPhase section */

/* Begin PBXTargetDependency section */
		9EBFA5AA2B3FC8E2008D46B7 /* PBXTargetDependency */ = {
			isa = PBXTargetDependency;
			target = 9EBFA5962B3FC8E1008D46B7 /* iTour */;
			targetProxy = 9EBFA5A92B3FC8E2008D46B7 /* PBXContainerItemProxy */;
		};
		9EBFA5B42B3FC8E2008D46B7 /* PBXTargetDependency */ = {
			isa = PBXTargetDependency;
			target = 9EBFA5962B3FC8E1008D46B7 /* iTour */;
			targetProxy = 9EBFA5B32B3FC8E2008D46B7 /* PBXContainerItemProxy */;
		};
/* End PBXTargetDependency section */

/* Begin XCBuildConfiguration section */
		9EBFA5BA2B3FC8E2008D46B7 /* Debug */ = {
			isa = XCBuildConfiguration;
			buildSettings = {
				ALWAYS_SEARCH_USER_PATHS = NO;
				ASSETCATALOG_COMPILER_GENERATE_SWIFT_ASSET_SYMBOL_EXTENSIONS = YES;
				CLANG_ANALYZER_NONNULL = YES;
				CLANG_ANALYZER_NUMBER_OBJECT_CONVERSION = YES_AGGRESSIVE;
				CLANG_CXX_LANGUAGE_STANDARD = "gnu++20";
				CLANG_ENABLE_MODULES = YES;
				CLANG_ENABLE_OBJC_ARC = YES;
				CLANG_ENABLE_OBJC_WEAK = YES;
				CLANG_WARN_BLOCK_CAPTURE_AUTORELEASING = YES;
				CLANG_WARN_BOOL_CONVERSION = YES;
				CLANG_WARN_COMMA = YES;
				CLANG_WARN_CONSTANT_CONVERSION = YES;
				CLANG_WARN_DEPRECATED_OBJC_IMPLEMENTATIONS = YES;
				CLANG_WARN_DIRECT_OBJC_ISA_USAGE = YES_ERROR;
				CLANG_WARN_DOCUMENTATION_COMMENTS = YES;
				CLANG_WARN_EMPTY_BODY = YES;
				CLANG_WARN_ENUM_CONVERSION = YES;
				CLANG_WARN_INFINITE_RECURSION = YES;
				CLANG_WARN_INT_CONVERSION = YES;
				CLANG_WARN_NON_LITERAL_NULL_CONVERSION = YES;
				CLANG_WARN_OBJC_IMPLICIT_RETAIN_SELF = YES;
				CLANG_WARN_OBJC_LITERAL_CONVERSION = YES;
				CLANG_WARN_OBJC_ROOT_CLASS = YES_ERROR;
				CLANG_WARN_QUOTED_INCLUDE_IN_FRAMEWORK_HEADER = YES;
				CLANG_WARN_RANGE_LOOP_ANALYSIS = YES;
				CLANG_WARN_STRICT_PROTOTYPES = YES;
				CLANG_WARN_SUSPICIOUS_MOVE = YES;
				CLANG_WARN_UNGUARDED_AVAILABILITY = YES_AGGRESSIVE;
				CLANG_WARN_UNREACHABLE_CODE = YES;
				CLANG_WARN__DUPLICATE_METHOD_MATCH = YES;
				COPY_PHASE_STRIP = NO;
				DEBUG_INFORMATION_FORMAT = dwarf;
				ENABLE_STRICT_OBJC_MSGSEND = YES;
				ENABLE_TESTABILITY = YES;
				ENABLE_USER_SCRIPT_SANDBOXING = YES;
				GCC_C_LANGUAGE_STANDARD = gnu17;
				GCC_DYNAMIC_NO_PIC = NO;
				GCC_NO_COMMON_BLOCKS = YES;
				GCC_OPTIMIZATION_LEVEL = 0;
				GCC_PREPROCESSOR_DEFINITIONS = (
					"DEBUG=1",
					"$(inherited)",
				);
				GCC_WARN_64_TO_32_BIT_CONVERSION = YES;
				GCC_WARN_ABOUT_RETURN_TYPE = YES_ERROR;
				GCC_WARN_UNDECLARED_SELECTOR = YES;
				GCC_WARN_UNINITIALIZED_AUTOS = YES_AGGRESSIVE;
				GCC_WARN_UNUSED_FUNCTION = YES;
				GCC_WARN_UNUSED_VARIABLE = YES;
				LOCALIZATION_PREFERS_STRING_CATALOGS = YES;
				MTL_ENABLE_DEBUG_INFO = INCLUDE_SOURCE;
				MTL_FAST_MATH = YES;
				ONLY_ACTIVE_ARCH = YES;
				SWIFT_ACTIVE_COMPILATION_CONDITIONS = "DEBUG $(inherited)";
				SWIFT_OPTIMIZATION_LEVEL = "-Onone";
			};
			name = Debug;
		};
		9EBFA5BB2B3FC8E2008D46B7 /* Release */ = {
			isa = XCBuildConfiguration;
			buildSettings = {
				ALWAYS_SEARCH_USER_PATHS = NO;
				ASSETCATALOG_COMPILER_GENERATE_SWIFT_ASSET_SYMBOL_EXTENSIONS = YES;
				CLANG_ANALYZER_NONNULL = YES;
				CLANG_ANALYZER_NUMBER_OBJECT_CONVERSION = YES_AGGRESSIVE;
				CLANG_CXX_LANGUAGE_STANDARD = "gnu++20";
				CLANG_ENABLE_MODULES = YES;
				CLANG_ENABLE_OBJC_ARC = YES;
				CLANG_ENABLE_OBJC_WEAK = YES;
				CLANG_WARN_BLOCK_CAPTURE_AUTORELEASING = YES;
				CLANG_WARN_BOOL_CONVERSION = YES;
				CLANG_WARN_COMMA = YES;
				CLANG_WARN_CONSTANT_CONVERSION = YES;
				CLANG_WARN_DEPRECATED_OBJC_IMPLEMENTATIONS = YES;
				CLANG_WARN_DIRECT_OBJC_ISA_USAGE = YES_ERROR;
				CLANG_WARN_DOCUMENTATION_COMMENTS = YES;
				CLANG_WARN_EMPTY_BODY = YES;
				CLANG_WARN_ENUM_CONVERSION = YES;
				CLANG_WARN_INFINITE_RECURSION = YES;
				CLANG_WARN_INT_CONVERSION = YES;
				CLANG_WARN_NON_LITERAL_NULL_CONVERSION = YES;
				CLANG_WARN_OBJC_IMPLICIT_RETAIN_SELF = YES;
				CLANG_WARN_OBJC_LITERAL_CONVERSION = YES;
				CLANG_WARN_OBJC_ROOT_CLASS = YES_ERROR;
				CLANG_WARN_QUOTED_INCLUDE_IN_FRAMEWORK_HEADER = YES;
				CLANG_WARN_RANGE_LOOP_ANALYSIS = YES;
				CLANG_WARN_STRICT_PROTOTYPES = YES;
				CLANG_WARN_SUSPICIOUS_MOVE = YES;
				CLANG_WARN_UNGUARDED_AVAILABILITY = YES_AGGRESSIVE;
				CLANG_WARN_UNREACHABLE_CODE = YES;
				CLANG_WARN__DUPLICATE_METHOD_MATCH = YES;
				COPY_PHASE_STRIP = NO;
				DEBUG_INFORMATION_FORMAT = "dwarf-with-dsym";
				ENABLE_NS_ASSERTIONS = NO;
				ENABLE_STRICT_OBJC_MSGSEND = YES;
				ENABLE_USER_SCRIPT_SANDBOXING = YES;
				GCC_C_LANGUAGE_STANDARD = gnu17;
				GCC_NO_COMMON_BLOCKS = YES;
				GCC_WARN_64_TO_32_BIT_CONVERSION = YES;
				GCC_WARN_ABOUT_RETURN_TYPE = YES_ERROR;
				GCC_WARN_UNDECLARED_SELECTOR = YES;
				GCC_WARN_UNINITIALIZED_AUTOS = YES_AGGRESSIVE;
				GCC_WARN_UNUSED_FUNCTION = YES;
				GCC_WARN_UNUSED_VARIABLE = YES;
				LOCALIZATION_PREFERS_STRING_CATALOGS = YES;
				MTL_ENABLE_DEBUG_INFO = NO;
				MTL_FAST_MATH = YES;
				SWIFT_COMPILATION_MODE = wholemodule;
			};
			name = Release;
		};
		9EBFA5BD2B3FC8E2008D46B7 /* Debug */ = {
			isa = XCBuildConfiguration;
			buildSettings = {
				ASSETCATALOG_COMPILER_APPICON_NAME = AppIcon;
				ASSETCATALOG_COMPILER_GLOBAL_ACCENT_COLOR_NAME = AccentColor;
				CODE_SIGN_ENTITLEMENTS = iTour/iTour.entitlements;
				CODE_SIGN_STYLE = Automatic;
				CURRENT_PROJECT_VERSION = 1;
				DEVELOPMENT_ASSET_PATHS = "\"iTour/Preview Content\"";
				DEVELOPMENT_TEAM = FRD38AYZF6;
				ENABLE_HARDENED_RUNTIME = YES;
				ENABLE_PREVIEWS = YES;
				GENERATE_INFOPLIST_FILE = YES;
				"INFOPLIST_KEY_UIApplicationSceneManifest_Generation[sdk=iphoneos*]" = YES;
				"INFOPLIST_KEY_UIApplicationSceneManifest_Generation[sdk=iphonesimulator*]" = YES;
				"INFOPLIST_KEY_UIApplicationSupportsIndirectInputEvents[sdk=iphoneos*]" = YES;
				"INFOPLIST_KEY_UIApplicationSupportsIndirectInputEvents[sdk=iphonesimulator*]" = YES;
				"INFOPLIST_KEY_UILaunchScreen_Generation[sdk=iphoneos*]" = YES;
				"INFOPLIST_KEY_UILaunchScreen_Generation[sdk=iphonesimulator*]" = YES;
				"INFOPLIST_KEY_UIStatusBarStyle[sdk=iphoneos*]" = UIStatusBarStyleDefault;
				"INFOPLIST_KEY_UIStatusBarStyle[sdk=iphonesimulator*]" = UIStatusBarStyleDefault;
				INFOPLIST_KEY_UISupportedInterfaceOrientations_iPad = "UIInterfaceOrientationPortrait UIInterfaceOrientationPortraitUpsideDown UIInterfaceOrientationLandscapeLeft UIInterfaceOrientationLandscapeRight";
				INFOPLIST_KEY_UISupportedInterfaceOrientations_iPhone = "UIInterfaceOrientationPortrait UIInterfaceOrientationLandscapeLeft UIInterfaceOrientationLandscapeRight";
				IPHONEOS_DEPLOYMENT_TARGET = 17.2;
				LD_RUNPATH_SEARCH_PATHS = "@executable_path/Frameworks";
				"LD_RUNPATH_SEARCH_PATHS[sdk=macosx*]" = "@executable_path/../Frameworks";
				MACOSX_DEPLOYMENT_TARGET = 14.2;
				MARKETING_VERSION = 1.0;
				PRODUCT_BUNDLE_IDENTIFIER = memGame.iTour;
				PRODUCT_NAME = "$(TARGET_NAME)";
				SDKROOT = auto;
				SUPPORTED_PLATFORMS = "iphoneos iphonesimulator macosx";
				SWIFT_EMIT_LOC_STRINGS = YES;
				SWIFT_VERSION = 5.0;
				TARGETED_DEVICE_FAMILY = "1,2";
			};
			name = Debug;
		};
		9EBFA5BE2B3FC8E2008D46B7 /* Release */ = {
			isa = XCBuildConfiguration;
			buildSettings = {
				ASSETCATALOG_COMPILER_APPICON_NAME = AppIcon;
				ASSETCATALOG_COMPILER_GLOBAL_ACCENT_COLOR_NAME = AccentColor;
				CODE_SIGN_ENTITLEMENTS = iTour/iTour.entitlements;
				CODE_SIGN_STYLE = Automatic;
				CURRENT_PROJECT_VERSION = 1;
				DEVELOPMENT_ASSET_PATHS = "\"iTour/Preview Content\"";
				DEVELOPMENT_TEAM = FRD38AYZF6;
				ENABLE_HARDENED_RUNTIME = YES;
				ENABLE_PREVIEWS = YES;
				GENERATE_INFOPLIST_FILE = YES;
				"INFOPLIST_KEY_UIApplicationSceneManifest_Generation[sdk=iphoneos*]" = YES;
				"INFOPLIST_KEY_UIApplicationSceneManifest_Generation[sdk=iphonesimulator*]" = YES;
				"INFOPLIST_KEY_UIApplicationSupportsIndirectInputEvents[sdk=iphoneos*]" = YES;
				"INFOPLIST_KEY_UIApplicationSupportsIndirectInputEvents[sdk=iphonesimulator*]" = YES;
				"INFOPLIST_KEY_UILaunchScreen_Generation[sdk=iphoneos*]" = YES;
				"INFOPLIST_KEY_UILaunchScreen_Generation[sdk=iphonesimulator*]" = YES;
				"INFOPLIST_KEY_UIStatusBarStyle[sdk=iphoneos*]" = UIStatusBarStyleDefault;
				"INFOPLIST_KEY_UIStatusBarStyle[sdk=iphonesimulator*]" = UIStatusBarStyleDefault;
				INFOPLIST_KEY_UISupportedInterfaceOrientations_iPad = "UIInterfaceOrientationPortrait UIInterfaceOrientationPortraitUpsideDown UIInterfaceOrientationLandscapeLeft UIInterfaceOrientationLandscapeRight";
				INFOPLIST_KEY_UISupportedInterfaceOrientations_iPhone = "UIInterfaceOrientationPortrait UIInterfaceOrientationLandscapeLeft UIInterfaceOrientationLandscapeRight";
				IPHONEOS_DEPLOYMENT_TARGET = 17.2;
				LD_RUNPATH_SEARCH_PATHS = "@executable_path/Frameworks";
				"LD_RUNPATH_SEARCH_PATHS[sdk=macosx*]" = "@executable_path/../Frameworks";
				MACOSX_DEPLOYMENT_TARGET = 14.2;
				MARKETING_VERSION = 1.0;
				PRODUCT_BUNDLE_IDENTIFIER = memGame.iTour;
				PRODUCT_NAME = "$(TARGET_NAME)";
				SDKROOT = auto;
				SUPPORTED_PLATFORMS = "iphoneos iphonesimulator macosx";
				SWIFT_EMIT_LOC_STRINGS = YES;
				SWIFT_VERSION = 5.0;
				TARGETED_DEVICE_FAMILY = "1,2";
			};
			name = Release;
		};
		9EBFA5C02B3FC8E2008D46B7 /* Debug */ = {
			isa = XCBuildConfiguration;
			buildSettings = {
				ALWAYS_EMBED_SWIFT_STANDARD_LIBRARIES = YES;
				BUNDLE_LOADER = "$(TEST_HOST)";
				CODE_SIGN_STYLE = Automatic;
				CURRENT_PROJECT_VERSION = 1;
				DEVELOPMENT_TEAM = FRD38AYZF6;
				GENERATE_INFOPLIST_FILE = YES;
				IPHONEOS_DEPLOYMENT_TARGET = 17.2;
				MACOSX_DEPLOYMENT_TARGET = 14.2;
				MARKETING_VERSION = 1.0;
				PRODUCT_BUNDLE_IDENTIFIER = memGame.iTourTests;
				PRODUCT_NAME = "$(TARGET_NAME)";
				SDKROOT = auto;
				SUPPORTED_PLATFORMS = "iphoneos iphonesimulator macosx";
				SWIFT_EMIT_LOC_STRINGS = NO;
				SWIFT_VERSION = 5.0;
				TARGETED_DEVICE_FAMILY = "1,2";
				TEST_HOST = "$(BUILT_PRODUCTS_DIR)/iTour.app/$(BUNDLE_EXECUTABLE_FOLDER_PATH)/iTour";
			};
			name = Debug;
		};
		9EBFA5C12B3FC8E2008D46B7 /* Release */ = {
			isa = XCBuildConfiguration;
			buildSettings = {
				ALWAYS_EMBED_SWIFT_STANDARD_LIBRARIES = YES;
				BUNDLE_LOADER = "$(TEST_HOST)";
				CODE_SIGN_STYLE = Automatic;
				CURRENT_PROJECT_VERSION = 1;
				DEVELOPMENT_TEAM = FRD38AYZF6;
				GENERATE_INFOPLIST_FILE = YES;
				IPHONEOS_DEPLOYMENT_TARGET = 17.2;
				MACOSX_DEPLOYMENT_TARGET = 14.2;
				MARKETING_VERSION = 1.0;
				PRODUCT_BUNDLE_IDENTIFIER = memGame.iTourTests;
				PRODUCT_NAME = "$(TARGET_NAME)";
				SDKROOT = auto;
				SUPPORTED_PLATFORMS = "iphoneos iphonesimulator macosx";
				SWIFT_EMIT_LOC_STRINGS = NO;
				SWIFT_VERSION = 5.0;
				TARGETED_DEVICE_FAMILY = "1,2";
				TEST_HOST = "$(BUILT_PRODUCTS_DIR)/iTour.app/$(BUNDLE_EXECUTABLE_FOLDER_PATH)/iTour";
			};
			name = Release;
		};
		9EBFA5C32B3FC8E2008D46B7 /* Debug */ = {
			isa = XCBuildConfiguration;
			buildSettings = {
				ALWAYS_EMBED_SWIFT_STANDARD_LIBRARIES = YES;
				CODE_SIGN_STYLE = Automatic;
				CURRENT_PROJECT_VERSION = 1;
				DEVELOPMENT_TEAM = FRD38AYZF6;
				GENERATE_INFOPLIST_FILE = YES;
				IPHONEOS_DEPLOYMENT_TARGET = 17.2;
				MACOSX_DEPLOYMENT_TARGET = 14.2;
				MARKETING_VERSION = 1.0;
				PRODUCT_BUNDLE_IDENTIFIER = memGame.iTourUITests;
				PRODUCT_NAME = "$(TARGET_NAME)";
				SDKROOT = auto;
				SUPPORTED_PLATFORMS = "iphoneos iphonesimulator macosx";
				SWIFT_EMIT_LOC_STRINGS = NO;
				SWIFT_VERSION = 5.0;
				TARGETED_DEVICE_FAMILY = "1,2";
				TEST_TARGET_NAME = iTour;
			};
			name = Debug;
		};
		9EBFA5C42B3FC8E2008D46B7 /* Release */ = {
			isa = XCBuildConfiguration;
			buildSettings = {
				ALWAYS_EMBED_SWIFT_STANDARD_LIBRARIES = YES;
				CODE_SIGN_STYLE = Automatic;
				CURRENT_PROJECT_VERSION = 1;
				DEVELOPMENT_TEAM = FRD38AYZF6;
				GENERATE_INFOPLIST_FILE = YES;
				IPHONEOS_DEPLOYMENT_TARGET = 17.2;
				MACOSX_DEPLOYMENT_TARGET = 14.2;
				MARKETING_VERSION = 1.0;
				PRODUCT_BUNDLE_IDENTIFIER = memGame.iTourUITests;
				PRODUCT_NAME = "$(TARGET_NAME)";
				SDKROOT = auto;
				SUPPORTED_PLATFORMS = "iphoneos iphonesimulator macosx";
				SWIFT_EMIT_LOC_STRINGS = NO;
				SWIFT_VERSION = 5.0;
				TARGETED_DEVICE_FAMILY = "1,2";
				TEST_TARGET_NAME = iTour;
			};
			name = Release;
		};
/* End XCBuildConfiguration section */

/* Begin XCConfigurationList section */
		9EBFA5922B3FC8E1008D46B7 /* Build configuration list for PBXProject "iTour" */ = {
			isa = XCConfigurationList;
			buildConfigurations = (
				9EBFA5BA2B3FC8E2008D46B7 /* Debug */,
				9EBFA5BB2B3FC8E2008D46B7 /* Release */,
			);
			defaultConfigurationIsVisible = 0;
			defaultConfigurationName = Release;
		};
		9EBFA5BC2B3FC8E2008D46B7 /* Build configuration list for PBXNativeTarget "iTour" */ = {
			isa = XCConfigurationList;
			buildConfigurations = (
				9EBFA5BD2B3FC8E2008D46B7 /* Debug */,
				9EBFA5BE2B3FC8E2008D46B7 /* Release */,
			);
			defaultConfigurationIsVisible = 0;
			defaultConfigurationName = Release;
		};
		9EBFA5BF2B3FC8E2008D46B7 /* Build configuration list for PBXNativeTarget "iTourTests" */ = {
			isa = XCConfigurationList;
			buildConfigurations = (
				9EBFA5C02B3FC8E2008D46B7 /* Debug */,
				9EBFA5C12B3FC8E2008D46B7 /* Release */,
			);
			defaultConfigurationIsVisible = 0;
			defaultConfigurationName = Release;
		};
		9EBFA5C22B3FC8E2008D46B7 /* Build configuration list for PBXNativeTarget "iTourUITests" */ = {
			isa = XCConfigurationList;
			buildConfigurations = (
				9EBFA5C32B3FC8E2008D46B7 /* Debug */,
				9EBFA5C42B3FC8E2008D46B7 /* Release */,
			);
			defaultConfigurationIsVisible = 0;
			defaultConfigurationName = Release;
		};
/* End XCConfigurationList section */
	};
	rootObject = 9EBFA58F2B3FC8E1008D46B7 /* Project object */;
}
